
Microsoft Visual Studio Solution File, Format Version 12.00
# Visual Studio Version 17
VisualStudioVersion = 17.1.32328.378
MinimumVisualStudioVersion = 10.0.40219.1
Project("{FAE04EC0-301F-11D3-BF4B-00C04F79EFBC}") = "TesPraktekKPL_1302200022", "TesPraktekKPL_1302200022\TesPraktekKPL_1302200022.csproj", "{54AA341A-9A23-4CA7-BC4E-54B546053BC1}"
EndProject
Global
	GlobalSection(SolutionConfigurationPlatforms) = preSolution
		Debug|Any CPU = Debug|Any CPU
		Release|Any CPU = Release|Any CPU
	EndGlobalSection
	GlobalSection(ProjectConfigurationPlatforms) = postSolution
		{54AA341A-9A23-4CA7-BC4E-54B546053BC1}.Debug|Any CPU.ActiveCfg = Debug|Any CPU
		{54AA341A-9A23-4CA7-BC4E-54B546053BC1}.Debug|Any CPU.Build.0 = Debug|Any CPU
		{54AA341A-9A23-4CA7-BC4E-54B546053BC1}.Release|Any CPU.ActiveCfg = Release|Any CPU
		{54AA341A-9A23-4CA7-BC4E-54B546053BC1}.Release|Any CPU.Build.0 = Release|Any CPU
	EndGlobalSection
	GlobalSection(SolutionProperties) = preSolution
		HideSolutionNode = FALSE
	EndGlobalSection
	GlobalSection(ExtensibilityGlobals) = postSolution
		SolutionGuid = {F726F303-0012-4F8F-9DBD-8A102C2423AD}
	EndGlobalSection
EndGlobal
